
Microsoft Visual Studio Solution File, Format Version 12.00
# Visual Studio Version 17
VisualStudioVersion = 17.7.34018.315
MinimumVisualStudioVersion = 10.0.40219.1
Project("{FAE04EC0-301F-11D3-BF4B-00C04F79EFBC}") = "Module6MVVM.Android", "Module6MVVM.Android\Module6MVVM.Android.csproj", "{0C3ECB1D-65CA-43FC-A1E8-8B4B14A51330}"
EndProject
Project("{FAE04EC0-301F-11D3-BF4B-00C04F79EFBC}") = "Module6MVVM", "Module6MVVM\Module6MVVM.csproj", "{F7171EAC-2C98-4CEC-AE6A-1F143E5F0696}"
EndProject
Global
	GlobalSection(SolutionConfigurationPlatforms) = preSolution
		Debug|Any CPU = Debug|Any CPU
		Release|Any CPU = Release|Any CPU
	EndGlobalSection
	GlobalSection(ProjectConfigurationPlatforms) = postSolution
		{0C3ECB1D-65CA-43FC-A1E8-8B4B14A51330}.Debug|Any CPU.ActiveCfg = Debug|Any CPU
		{0C3ECB1D-65CA-43FC-A1E8-8B4B14A51330}.Debug|Any CPU.Build.0 = Debug|Any CPU
		{0C3ECB1D-65CA-43FC-A1E8-8B4B14A51330}.Debug|Any CPU.Deploy.0 = Debug|Any CPU
		{0C3ECB1D-65CA-43FC-A1E8-8B4B14A51330}.Release|Any CPU.ActiveCfg = Release|Any CPU
		{0C3ECB1D-65CA-43FC-A1E8-8B4B14A51330}.Release|Any CPU.Build.0 = Release|Any CPU
		{0C3ECB1D-65CA-43FC-A1E8-8B4B14A51330}.Release|Any CPU.Deploy.0 = Release|Any CPU
		{F7171EAC-2C98-4CEC-AE6A-1F143E5F0696}.Debug|Any CPU.ActiveCfg = Debug|Any CPU
		{F7171EAC-2C98-4CEC-AE6A-1F143E5F0696}.Debug|Any CPU.Build.0 = Debug|Any CPU
		{F7171EAC-2C98-4CEC-AE6A-1F143E5F0696}.Debug|Any CPU.Deploy.0 = Debug|Any CPU
		{F7171EAC-2C98-4CEC-AE6A-1F143E5F0696}.Release|Any CPU.ActiveCfg = Release|Any CPU
		{F7171EAC-2C98-4CEC-AE6A-1F143E5F0696}.Release|Any CPU.Build.0 = Release|Any CPU
		{F7171EAC-2C98-4CEC-AE6A-1F143E5F0696}.Release|Any CPU.Deploy.0 = Release|Any CPU
	EndGlobalSection
	GlobalSection(SolutionProperties) = preSolution
		HideSolutionNode = FALSE
	EndGlobalSection
	GlobalSection(ExtensibilityGlobals) = postSolution
		SolutionGuid = {30F71311-529B-49C8-9126-87156660E02D}
	EndGlobalSection
EndGlobal
